// !$*UTF8*$!
{
	archiveVersion = 1;
	classes = {
	};
	objectVersion = 56;
	objects = {

/* Begin PBXBuildFile section */
		FA5AA0EB2A254C4D000A9A5D /* AppDelegate.swift in Sources */ = {isa = PBXBuildFile; fileRef = FA5AA0EA2A254C4D000A9A5D /* AppDelegate.swift */; };
		FA5AA0ED2A254C4D000A9A5D /* SceneDelegate.swift in Sources */ = {isa = PBXBuildFile; fileRef = FA5AA0EC2A254C4D000A9A5D /* SceneDelegate.swift */; };
		FA5AA0EF2A254C4D000A9A5D /* ViewController.swift in Sources */ = {isa = PBXBuildFile; fileRef = FA5AA0EE2A254C4D000A9A5D /* ViewController.swift */; };
		FA5AA0F22A254C4D000A9A5D /* Main.storyboard in Resources */ = {isa = PBXBuildFile; fileRef = FA5AA0F02A254C4D000A9A5D /* Main.storyboard */; };
		FA5AA0F42A254C50000A9A5D /* Assets.xcassets in Resources */ = {isa = PBXBuildFile; fileRef = FA5AA0F32A254C50000A9A5D /* Assets.xcassets */; };
		FA5AA0F72A254C50000A9A5D /* LaunchScreen.storyboard in Resources */ = {isa = PBXBuildFile; fileRef = FA5AA0F52A254C50000A9A5D /* LaunchScreen.storyboard */; };
		FA5AA0FF2A254E95000A9A5D /* GoogleService-Info.plist in Resources */ = {isa = PBXBuildFile; fileRef = FA5AA0FE2A254E95000A9A5D /* GoogleService-Info.plist */; };
		FA5AA1022A255193000A9A5D /* FirebaseAuth in Frameworks */ = {isa = PBXBuildFile; productRef = FA5AA1012A255193000A9A5D /* FirebaseAuth */; };
		FA5AA1042A255194000A9A5D /* FirebaseFirestore in Frameworks */ = {isa = PBXBuildFile; productRef = FA5AA1032A255194000A9A5D /* FirebaseFirestore */; };
		FAD9CA7D2A25631600BCFF6B /* UIView+Extension.swift in Sources */ = {isa = PBXBuildFile; fileRef = FAD9CA7C2A25631600BCFF6B /* UIView+Extension.swift */; };
/* End PBXBuildFile section */

/* Begin PBXFileReference section */
		FA5AA0E72A254C4D000A9A5D /* app-firebase-movies-prueba-tecnica.app */ = {isa = PBXFileReference; explicitFileType = wrapper.application; includeInIndex = 0; path = "app-firebase-movies-prueba-tecnica.app"; sourceTree = BUILT_PRODUCTS_DIR; };
		FA5AA0EA2A254C4D000A9A5D /* AppDelegate.swift */ = {isa = PBXFileReference; lastKnownFileType = sourcecode.swift; path = AppDelegate.swift; sourceTree = "<group>"; };
		FA5AA0EC2A254C4D000A9A5D /* SceneDelegate.swift */ = {isa = PBXFileReference; lastKnownFileType = sourcecode.swift; path = SceneDelegate.swift; sourceTree = "<group>"; };
		FA5AA0EE2A254C4D000A9A5D /* ViewController.swift */ = {isa = PBXFileReference; lastKnownFileType = sourcecode.swift; path = ViewController.swift; sourceTree = "<group>"; };
		FA5AA0F12A254C4D000A9A5D /* Base */ = {isa = PBXFileReference; lastKnownFileType = file.storyboard; name = Base; path = Base.lproj/Main.storyboard; sourceTree = "<group>"; };
		FA5AA0F32A254C50000A9A5D /* Assets.xcassets */ = {isa = PBXFileReference; lastKnownFileType = folder.assetcatalog; path = Assets.xcassets; sourceTree = "<group>"; };
		FA5AA0F62A254C50000A9A5D /* Base */ = {isa = PBXFileReference; lastKnownFileType = file.storyboard; name = Base; path = Base.lproj/LaunchScreen.storyboard; sourceTree = "<group>"; };
		FA5AA0F82A254C50000A9A5D /* Info.plist */ = {isa = PBXFileReference; lastKnownFileType = text.plist.xml; path = Info.plist; sourceTree = "<group>"; };
		FA5AA0FE2A254E95000A9A5D /* GoogleService-Info.plist */ = {isa = PBXFileReference; lastKnownFileType = text.plist; path = "GoogleService-Info.plist"; sourceTree = SOURCE_ROOT; };
		FAD9CA7C2A25631600BCFF6B /* UIView+Extension.swift */ = {isa = PBXFileReference; lastKnownFileType = sourcecode.swift; path = "UIView+Extension.swift"; sourceTree = "<group>"; };
/* End PBXFileReference section */

/* Begin PBXFrameworksBuildPhase section */
		FA5AA0E42A254C4D000A9A5D /* Frameworks */ = {
			isa = PBXFrameworksBuildPhase;
			buildActionMask = 2147483647;
			files = (
				FA5AA1022A255193000A9A5D /* FirebaseAuth in Frameworks */,
				FA5AA1042A255194000A9A5D /* FirebaseFirestore in Frameworks */,
			);
			runOnlyForDeploymentPostprocessing = 0;
		};
/* End PBXFrameworksBuildPhase section */

/* Begin PBXGroup section */
		FA5AA0DE2A254C4D000A9A5D = {
			isa = PBXGroup;
			children = (
				FA5AA0E92A254C4D000A9A5D /* app-firebase-movies-prueba-tecnica */,
				FA5AA0E82A254C4D000A9A5D /* Products */,
			);
			sourceTree = "<group>";
		};
		FA5AA0E82A254C4D000A9A5D /* Products */ = {
			isa = PBXGroup;
			children = (
				FA5AA0E72A254C4D000A9A5D /* app-firebase-movies-prueba-tecnica.app */,
			);
			name = Products;
			sourceTree = "<group>";
		};
		FA5AA0E92A254C4D000A9A5D /* app-firebase-movies-prueba-tecnica */ = {
			isa = PBXGroup;
			children = (
				FA5AA0EA2A254C4D000A9A5D /* AppDelegate.swift */,
				FA5AA0EC2A254C4D000A9A5D /* SceneDelegate.swift */,
				FA5AA0EE2A254C4D000A9A5D /* ViewController.swift */,
				FA5AA0F02A254C4D000A9A5D /* Main.storyboard */,
				FA5AA0F32A254C50000A9A5D /* Assets.xcassets */,
				FA5AA0F52A254C50000A9A5D /* LaunchScreen.storyboard */,
				FA5AA0F82A254C50000A9A5D /* Info.plist */,
				FA5AA0FE2A254E95000A9A5D /* GoogleService-Info.plist */,
				FAD9CA7C2A25631600BCFF6B /* UIView+Extension.swift */,
			);
			path = "app-firebase-movies-prueba-tecnica";
			sourceTree = "<group>";
		};
/* End PBXGroup section */

/* Begin PBXNativeTarget section */
		FA5AA0E62A254C4D000A9A5D /* app-firebase-movies-prueba-tecnica */ = {
			isa = PBXNativeTarget;
			buildConfigurationList = FA5AA0FB2A254C50000A9A5D /* Build configuration list for PBXNativeTarget "app-firebase-movies-prueba-tecnica" */;
			buildPhases = (
				FA5AA0E32A254C4D000A9A5D /* Sources */,
				FA5AA0E42A254C4D000A9A5D /* Frameworks */,
				FA5AA0E52A254C4D000A9A5D /* Resources */,
			);
			buildRules = (
			);
			dependencies = (
			);
			name = "app-firebase-movies-prueba-tecnica";
			packageProductDependencies = (
				FA5AA1012A255193000A9A5D /* FirebaseAuth */,
				FA5AA1032A255194000A9A5D /* FirebaseFirestore */,
			);
			productName = "app-firebase-movies-prueba-tecnica";
			productReference = FA5AA0E72A254C4D000A9A5D /* app-firebase-movies-prueba-tecnica.app */;
			productType = "com.apple.product-type.application";
		};
/* End PBXNativeTarget section */

/* Begin PBXProject section */
		FA5AA0DF2A254C4D000A9A5D /* Project object */ = {
			isa = PBXProject;
			attributes = {
				BuildIndependentTargetsInParallel = 1;
				LastSwiftUpdateCheck = 1430;
				LastUpgradeCheck = 1430;
				TargetAttributes = {
					FA5AA0E62A254C4D000A9A5D = {
						CreatedOnToolsVersion = 14.3;
					};
				};
			};
			buildConfigurationList = FA5AA0E22A254C4D000A9A5D /* Build configuration list for PBXProject "app-firebase-movies-prueba-tecnica" */;
			compatibilityVersion = "Xcode 14.0";
			developmentRegion = en;
			hasScannedForEncodings = 0;
			knownRegions = (
				en,
				Base,
			);
			mainGroup = FA5AA0DE2A254C4D000A9A5D;
			packageReferences = (
				FA5AA1002A255193000A9A5D /* XCRemoteSwiftPackageReference "firebase-ios-sdk" */,
			);
			productRefGroup = FA5AA0E82A254C4D000A9A5D /* Products */;
			projectDirPath = "";
			projectRoot = "";
			targets = (
				FA5AA0E62A254C4D000A9A5D /* app-firebase-movies-prueba-tecnica */,
			);
		};
/* End PBXProject section */

/* Begin PBXResourcesBuildPhase section */
		FA5AA0E52A254C4D000A9A5D /* Resources */ = {
			isa = PBXResourcesBuildPhase;
			buildActionMask = 2147483647;
			files = (
				FA5AA0F72A254C50000A9A5D /* LaunchScreen.storyboard in Resources */,
				FA5AA0FF2A254E95000A9A5D /* GoogleService-Info.plist in Resources */,
				FA5AA0F42A254C50000A9A5D /* Assets.xcassets in Resources */,
				FA5AA0F22A254C4D000A9A5D /* Main.storyboard in Resources */,
			);
			runOnlyForDeploymentPostprocessing = 0;
		};
/* End PBXResourcesBuildPhase section */

/* Begin PBXSourcesBuildPhase section */
		FA5AA0E32A254C4D000A9A5D /* Sources */ = {
			isa = PBXSourcesBuildPhase;
			buildActionMask = 2147483647;
			files = (
				FA5AA0EF2A254C4D000A9A5D /* ViewController.swift in Sources */,
				FA5AA0EB2A254C4D000A9A5D /* AppDelegate.swift in Sources */,
				FAD9CA7D2A25631600BCFF6B /* UIView+Extension.swift in Sources */,
				FA5AA0ED2A254C4D000A9A5D /* SceneDelegate.swift in Sources */,
			);
			runOnlyForDeploymentPostprocessing = 0;
		};
/* End PBXSourcesBuildPhase section */

/* Begin PBXVariantGroup section */
		FA5AA0F02A254C4D000A9A5D /* Main.storyboard */ = {
			isa = PBXVariantGroup;
			children = (
				FA5AA0F12A254C4D000A9A5D /* Base */,
			);
			name = Main.storyboard;
			sourceTree = "<group>";
		};
		FA5AA0F52A254C50000A9A5D /* LaunchScreen.storyboard */ = {
			isa = PBXVariantGroup;
			children = (
				FA5AA0F62A254C50000A9A5D /* Base */,
			);
			name = LaunchScreen.storyboard;
			sourceTree = "<group>";
		};
/* End PBXVariantGroup section */

/* Begin XCBuildConfiguration section */
		FA5AA0F92A254C50000A9A5D /* Debug */ = {
			isa = XCBuildConfiguration;
			buildSettings = {
				ALWAYS_SEARCH_USER_PATHS = NO;
				CLANG_ANALYZER_NONNULL = YES;
				CLANG_ANALYZER_NUMBER_OBJECT_CONVERSION = YES_AGGRESSIVE;
				CLANG_CXX_LANGUAGE_STANDARD = "gnu++20";
				CLANG_ENABLE_MODULES = YES;
				CLANG_ENABLE_OBJC_ARC = YES;
				CLANG_ENABLE_OBJC_WEAK = YES;
				CLANG_WARN_BLOCK_CAPTURE_AUTORELEASING = YES;
				CLANG_WARN_BOOL_CONVERSION = YES;
				CLANG_WARN_COMMA = YES;
				CLANG_WARN_CONSTANT_CONVERSION = YES;
				CLANG_WARN_DEPRECATED_OBJC_IMPLEMENTATIONS = YES;
				CLANG_WARN_DIRECT_OBJC_ISA_USAGE = YES_ERROR;
				CLANG_WARN_DOCUMENTATION_COMMENTS = YES;
				CLANG_WARN_EMPTY_BODY = YES;
				CLANG_WARN_ENUM_CONVERSION = YES;
				CLANG_WARN_INFINITE_RECURSION = YES;
				CLANG_WARN_INT_CONVERSION = YES;
				CLANG_WARN_NON_LITERAL_NULL_CONVERSION = YES;
				CLANG_WARN_OBJC_IMPLICIT_RETAIN_SELF = YES;
				CLANG_WARN_OBJC_LITERAL_CONVERSION = YES;
				CLANG_WARN_OBJC_ROOT_CLASS = YES_ERROR;
				CLANG_WARN_QUOTED_INCLUDE_IN_FRAMEWORK_HEADER = YES;
				CLANG_WARN_RANGE_LOOP_ANALYSIS = YES;
				CLANG_WARN_STRICT_PROTOTYPES = YES;
				CLANG_WARN_SUSPICIOUS_MOVE = YES;
				CLANG_WARN_UNGUARDED_AVAILABILITY = YES_AGGRESSIVE;
				CLANG_WARN_UNREACHABLE_CODE = YES;
				CLANG_WARN__DUPLICATE_METHOD_MATCH = YES;
				COPY_PHASE_STRIP = NO;
				DEBUG_INFORMATION_FORMAT = dwarf;
				ENABLE_STRICT_OBJC_MSGSEND = YES;
				ENABLE_TESTABILITY = YES;
				GCC_C_LANGUAGE_STANDARD = gnu11;
				GCC_DYNAMIC_NO_PIC = NO;
				GCC_NO_COMMON_BLOCKS = YES;
				GCC_OPTIMIZATION_LEVEL = 0;
				GCC_PREPROCESSOR_DEFINITIONS = (
					"DEBUG=1",
					"$(inherited)",
				);
				GCC_WARN_64_TO_32_BIT_CONVERSION = YES;
				GCC_WARN_ABOUT_RETURN_TYPE = YES_ERROR;
				GCC_WARN_UNDECLARED_SELECTOR = YES;
				GCC_WARN_UNINITIALIZED_AUTOS = YES_AGGRESSIVE;
				GCC_WARN_UNUSED_FUNCTION = YES;
				GCC_WARN_UNUSED_VARIABLE = YES;
				IPHONEOS_DEPLOYMENT_TARGET = 16.4;
				MTL_ENABLE_DEBUG_INFO = INCLUDE_SOURCE;
				MTL_FAST_MATH = YES;
				ONLY_ACTIVE_ARCH = YES;
				SDKROOT = iphoneos;
				SWIFT_ACTIVE_COMPILATION_CONDITIONS = DEBUG;
				SWIFT_OPTIMIZATION_LEVEL = "-Onone";
			};
			name = Debug;
		};
		FA5AA0FA2A254C50000A9A5D /* Release */ = {
			isa = XCBuildConfiguration;
			buildSettings = {
				ALWAYS_SEARCH_USER_PATHS = NO;
				CLANG_ANALYZER_NONNULL = YES;
				CLANG_ANALYZER_NUMBER_OBJECT_CONVERSION = YES_AGGRESSIVE;
				CLANG_CXX_LANGUAGE_STANDARD = "gnu++20";
				CLANG_ENABLE_MODULES = YES;
				CLANG_ENABLE_OBJC_ARC = YES;
				CLANG_ENABLE_OBJC_WEAK = YES;
				CLANG_WARN_BLOCK_CAPTURE_AUTORELEASING = YES;
				CLANG_WARN_BOOL_CONVERSION = YES;
				CLANG_WARN_COMMA = YES;
				CLANG_WARN_CONSTANT_CONVERSION = YES;
				CLANG_WARN_DEPRECATED_OBJC_IMPLEMENTATIONS = YES;
				CLANG_WARN_DIRECT_OBJC_ISA_USAGE = YES_ERROR;
				CLANG_WARN_DOCUMENTATION_COMMENTS = YES;
				CLANG_WARN_EMPTY_BODY = YES;
				CLANG_WARN_ENUM_CONVERSION = YES;
				CLANG_WARN_INFINITE_RECURSION = YES;
				CLANG_WARN_INT_CONVERSION = YES;
				CLANG_WARN_NON_LITERAL_NULL_CONVERSION = YES;
				CLANG_WARN_OBJC_IMPLICIT_RETAIN_SELF = YES;
				CLANG_WARN_OBJC_LITERAL_CONVERSION = YES;
				CLANG_WARN_OBJC_ROOT_CLASS = YES_ERROR;
				CLANG_WARN_QUOTED_INCLUDE_IN_FRAMEWORK_HEADER = YES;
				CLANG_WARN_RANGE_LOOP_ANALYSIS = YES;
				CLANG_WARN_STRICT_PROTOTYPES = YES;
				CLANG_WARN_SUSPICIOUS_MOVE = YES;
				CLANG_WARN_UNGUARDED_AVAILABILITY = YES_AGGRESSIVE;
				CLANG_WARN_UNREACHABLE_CODE = YES;
				CLANG_WARN__DUPLICATE_METHOD_MATCH = YES;
				COPY_PHASE_STRIP = NO;
				DEBUG_INFORMATION_FORMAT = "dwarf-with-dsym";
				ENABLE_NS_ASSERTIONS = NO;
				ENABLE_STRICT_OBJC_MSGSEND = YES;
				GCC_C_LANGUAGE_STANDARD = gnu11;
				GCC_NO_COMMON_BLOCKS = YES;
				GCC_WARN_64_TO_32_BIT_CONVERSION = YES;
				GCC_WARN_ABOUT_RETURN_TYPE = YES_ERROR;
				GCC_WARN_UNDECLARED_SELECTOR = YES;
				GCC_WARN_UNINITIALIZED_AUTOS = YES_AGGRESSIVE;
				GCC_WARN_UNUSED_FUNCTION = YES;
				GCC_WARN_UNUSED_VARIABLE = YES;
				IPHONEOS_DEPLOYMENT_TARGET = 16.4;
				MTL_ENABLE_DEBUG_INFO = NO;
				MTL_FAST_MATH = YES;
				SDKROOT = iphoneos;
				SWIFT_COMPILATION_MODE = wholemodule;
				SWIFT_OPTIMIZATION_LEVEL = "-O";
				VALIDATE_PRODUCT = YES;
			};
			name = Release;
		};
		FA5AA0FC2A254C50000A9A5D /* Debug */ = {
			isa = XCBuildConfiguration;
			buildSettings = {
				ASSETCATALOG_COMPILER_APPICON_NAME = AppIcon;
				ASSETCATALOG_COMPILER_GLOBAL_ACCENT_COLOR_NAME = AccentColor;
				CODE_SIGN_STYLE = Automatic;
				CURRENT_PROJECT_VERSION = 1;
				GENERATE_INFOPLIST_FILE = YES;
				INFOPLIST_FILE = "app-firebase-movies-prueba-tecnica/Info.plist";
				INFOPLIST_KEY_UIApplicationSupportsIndirectInputEvents = YES;
				INFOPLIST_KEY_UILaunchStoryboardName = LaunchScreen;
				INFOPLIST_KEY_UIMainStoryboardFile = Main;
				INFOPLIST_KEY_UISupportedInterfaceOrientations_iPad = "UIInterfaceOrientationPortrait UIInterfaceOrientationPortraitUpsideDown UIInterfaceOrientationLandscapeLeft UIInterfaceOrientationLandscapeRight";
				INFOPLIST_KEY_UISupportedInterfaceOrientations_iPhone = "UIInterfaceOrientationPortrait UIInterfaceOrientationLandscapeLeft UIInterfaceOrientationLandscapeRight";
				LD_RUNPATH_SEARCH_PATHS = (
					"$(inherited)",
					"@executable_path/Frameworks",
				);
				MARKETING_VERSION = 1.0;
				PRODUCT_BUNDLE_IDENTIFIER = "dev4.app-firebase-movies-prueba-tecnica";
				PRODUCT_NAME = "$(TARGET_NAME)";
				SWIFT_EMIT_LOC_STRINGS = YES;
				SWIFT_VERSION = 5.0;
				TARGETED_DEVICE_FAMILY = "1,2";
			};
			name = Debug;
		};
		FA5AA0FD2A254C50000A9A5D /* Release */ = {
			isa = XCBuildConfiguration;
			buildSettings = {
				ASSETCATALOG_COMPILER_APPICON_NAME = AppIcon;
				ASSETCATALOG_COMPILER_GLOBAL_ACCENT_COLOR_NAME = AccentColor;
				CODE_SIGN_STYLE = Automatic;
				CURRENT_PROJECT_VERSION = 1;
				GENERATE_INFOPLIST_FILE = YES;
				INFOPLIST_FILE = "app-firebase-movies-prueba-tecnica/Info.plist";
				INFOPLIST_KEY_UIApplicationSupportsIndirectInputEvents = YES;
				INFOPLIST_KEY_UILaunchStoryboardName = LaunchScreen;
				INFOPLIST_KEY_UIMainStoryboardFile = Main;
				INFOPLIST_KEY_UISupportedInterfaceOrientations_iPad = "UIInterfaceOrientationPortrait UIInterfaceOrientationPortraitUpsideDown UIInterfaceOrientationLandscapeLeft UIInterfaceOrientationLandscapeRight";
				INFOPLIST_KEY_UISupportedInterfaceOrientations_iPhone = "UIInterfaceOrientationPortrait UIInterfaceOrientationLandscapeLeft UIInterfaceOrientationLandscapeRight";
				LD_RUNPATH_SEARCH_PATHS = (
					"$(inherited)",
					"@executable_path/Frameworks",
				);
				MARKETING_VERSION = 1.0;
				PRODUCT_BUNDLE_IDENTIFIER = "dev4.app-firebase-movies-prueba-tecnica";
				PRODUCT_NAME = "$(TARGET_NAME)";
				SWIFT_EMIT_LOC_STRINGS = YES;
				SWIFT_VERSION = 5.0;
				TARGETED_DEVICE_FAMILY = "1,2";
			};
			name = Release;
		};
/* End XCBuildConfiguration section */

/* Begin XCConfigurationList section */
		FA5AA0E22A254C4D000A9A5D /* Build configuration list for PBXProject "app-firebase-movies-prueba-tecnica" */ = {
			isa = XCConfigurationList;
			buildConfigurations = (
				FA5AA0F92A254C50000A9A5D /* Debug */,
				FA5AA0FA2A254C50000A9A5D /* Release */,
			);
			defaultConfigurationIsVisible = 0;
			defaultConfigurationName = Release;
		};
		FA5AA0FB2A254C50000A9A5D /* Build configuration list for PBXNativeTarget "app-firebase-movies-prueba-tecnica" */ = {
			isa = XCConfigurationList;
			buildConfigurations = (
				FA5AA0FC2A254C50000A9A5D /* Debug */,
				FA5AA0FD2A254C50000A9A5D /* Release */,
			);
			defaultConfigurationIsVisible = 0;
			defaultConfigurationName = Release;
		};
/* End XCConfigurationList section */

/* Begin XCRemoteSwiftPackageReference section */
		FA5AA1002A255193000A9A5D /* XCRemoteSwiftPackageReference "firebase-ios-sdk" */ = {
			isa = XCRemoteSwiftPackageReference;
			repositoryURL = "https://github.com/firebase/firebase-ios-sdk";
			requirement = {
				kind = upToNextMajorVersion;
				minimumVersion = 10.0.0;
			};
		};
/* End XCRemoteSwiftPackageReference section */

/* Begin XCSwiftPackageProductDependency section */
		FA5AA1012A255193000A9A5D /* FirebaseAuth */ = {
			isa = XCSwiftPackageProductDependency;
			package = FA5AA1002A255193000A9A5D /* XCRemoteSwiftPackageReference "firebase-ios-sdk" */;
			productName = FirebaseAuth;
		};
		FA5AA1032A255194000A9A5D /* FirebaseFirestore */ = {
			isa = XCSwiftPackageProductDependency;
			package = FA5AA1002A255193000A9A5D /* XCRemoteSwiftPackageReference "firebase-ios-sdk" */;
			productName = FirebaseFirestore;
		};
/* End XCSwiftPackageProductDependency section */
	};
	rootObject = FA5AA0DF2A254C4D000A9A5D /* Project object */;
}
